{
  "version": 4,
  "terraform_version": "1.4.6",
  "serial": 15,
  "lineage": "f7784604-6063-ae30-b31e-0135c1cf42cb",
  "outputs": {},
  "resources": [
    {
      "mode": "managed",
      "type": "azurerm_resource_group",
      "name": "test_rg",
      "provider": "provider[\"registry.terraform.io/hashicorp/azurerm\"]",
      "instances": [
        {
          "schema_version": 0,
          "attributes": {
            "id": "/subscriptions/d94fe338-52d8-4a44-acd4-4f8301adf2cf/resourceGroups/dtf-virtual-network-gateway-test",
            "location": "westeurope",
            "managed_by": "",
            "name": "dtf-virtual-network-gateway-test",
            "tags": {
              "CreationDateTime": "2023-07-30T11:11:43.0086419Z",
              "Environment": "Dev"
            },
            "timeouts": null
          },
          "sensitive_attributes": [],
          "private": "eyJlMmJmYjczMC1lY2FhLTExZTYtOGY4OC0zNDM2M2JjN2M0YzAiOnsiY3JlYXRlIjo1NDAwMDAwMDAwMDAwLCJkZWxldGUiOjU0MDAwMDAwMDAwMDAsInJlYWQiOjMwMDAwMDAwMDAwMCwidXBkYXRlIjo1NDAwMDAwMDAwMDAwfX0="
        }
      ]
    },
    {
      "module": "module.virtual_network_gateway",
      "mode": "managed",
      "type": "azurerm_public_ip",
      "name": "vng_default_pip",
      "provider": "provider[\"registry.terraform.io/hashicorp/azurerm\"]",
      "instances": [
        {
          "schema_version": 0,
          "attributes": {
            "allocation_method": "Dynamic",
            "ddos_protection_mode": "VirtualNetworkInherited",
            "ddos_protection_plan_id": null,
            "domain_name_label": null,
            "edge_zone": "",
            "fqdn": null,
            "id": "/subscriptions/d94fe338-52d8-4a44-acd4-4f8301adf2cf/resourceGroups/dtf-virtual-network-gateway-test/providers/Microsoft.Network/publicIPAddresses/vng-ip",
            "idle_timeout_in_minutes": 4,
            "ip_address": "13.95.70.231",
            "ip_tags": {},
            "ip_version": "IPv4",
            "location": "westeurope",
            "name": "vng-ip",
            "public_ip_prefix_id": null,
            "resource_group_name": "dtf-virtual-network-gateway-test",
            "reverse_fqdn": null,
            "sku": "Basic",
            "sku_tier": "Regional",
            "tags": {
              "CreationDateTime": "2023-07-30T11:11:51.7804084Z",
              "Environment": "Dev"
            },
            "timeouts": null,
            "zones": []
          },
          "sensitive_attributes": [],
          "private": "eyJlMmJmYjczMC1lY2FhLTExZTYtOGY4OC0zNDM2M2JjN2M0YzAiOnsiY3JlYXRlIjoxODAwMDAwMDAwMDAwLCJkZWxldGUiOjE4MDAwMDAwMDAwMDAsInJlYWQiOjMwMDAwMDAwMDAwMCwidXBkYXRlIjoxODAwMDAwMDAwMDAwfX0=",
          "dependencies": [
            "azurerm_resource_group.test_rg"
          ]
        }
      ]
    },
    {
      "module": "module.virtual_network_gateway",
      "mode": "managed",
      "type": "azurerm_virtual_network_gateway",
      "name": "vng",
      "provider": "provider[\"registry.terraform.io/hashicorp/azurerm\"]",
      "instances": [
        {
          "schema_version": 0,
          "attributes": {
            "active_active": false,
            "bgp_settings": [
              {
                "asn": 65515,
                "peer_weight": 0,
                "peering_addresses": [
                  {
                    "apipa_addresses": [],
                    "default_addresses": [
                      "10.0.0.254"
                    ],
                    "ip_configuration_name": "default",
                    "tunnel_ip_addresses": [
                      "20.234.130.236"
                    ]
                  }
                ]
              }
            ],
            "custom_route": [],
            "default_local_network_gateway_id": null,
            "edge_zone": "",
            "enable_bgp": false,
            "generation": "Generation1",
            "id": "/subscriptions/d94fe338-52d8-4a44-acd4-4f8301adf2cf/resourceGroups/dtf-virtual-network-gateway-test/providers/Microsoft.Network/virtualNetworkGateways/vng",
            "ip_configuration": [
              {
                "name": "default",
                "private_ip_address_allocation": "Dynamic",
                "public_ip_address_id": "/subscriptions/d94fe338-52d8-4a44-acd4-4f8301adf2cf/resourceGroups/dtf-virtual-network-gateway-test/providers/Microsoft.Network/publicIPAddresses/vng-ip",
                "subnet_id": "/subscriptions/d94fe338-52d8-4a44-acd4-4f8301adf2cf/resourceGroups/dtf-virtual-network-gateway-test/providers/Microsoft.Network/virtualNetworks/vnet/subnets/GatewaySubnet"
              }
            ],
            "location": "westeurope",
            "name": "vng",
            "private_ip_address_enabled": false,
            "resource_group_name": "dtf-virtual-network-gateway-test",
            "sku": "VpnGw1",
            "tags": {
              "CreationDateTime": "2023-07-30T12:12:55.4684514Z",
              "Environment": "Dev"
            },
            "timeouts": null,
            "type": "Vpn",
            "vpn_client_configuration": [],
            "vpn_type": "RouteBased"
          },
          "sensitive_attributes": [],
          "private": "eyJlMmJmYjczMC1lY2FhLTExZTYtOGY4OC0zNDM2M2JjN2M0YzAiOnsiY3JlYXRlIjozNjAwMDAwMDAwMDAwLCJkZWxldGUiOjM2MDAwMDAwMDAwMDAsInJlYWQiOjMwMDAwMDAwMDAwMCwidXBkYXRlIjozNjAwMDAwMDAwMDAwfX0=",
          "dependencies": [
            "azurerm_resource_group.test_rg",
            "module.virtual_network_gateway.azurerm_public_ip.vng_aa_pip",
            "module.virtual_network_gateway.azurerm_public_ip.vng_default_pip",
            "module.vnet.azurerm_resource_group_template_deployment.subnets"
          ]
        }
      ]
    },
    {
      "module": "module.vnet",
      "mode": "managed",
      "type": "azurerm_resource_group_template_deployment",
      "name": "subnets",
      "provider": "provider[\"registry.terraform.io/hashicorp/azurerm\"]",
      "instances": [
        {
          "index_key": "GatewaySubnet",
          "schema_version": 0,
          "attributes": {
            "debug_level": "",
            "deployment_mode": "Incremental",
            "id": "/subscriptions/d94fe338-52d8-4a44-acd4-4f8301adf2cf/resourceGroups/dtf-virtual-network-gateway-test/providers/Microsoft.Resources/deployments/GatewaySubnet-template",
            "name": "GatewaySubnet-template",
            "output_content": "{\"subnet_id\":{\"type\":\"String\",\"value\":\"/subscriptions/d94fe338-52d8-4a44-acd4-4f8301adf2cf/resourceGroups/dtf-virtual-network-gateway-test/providers/Microsoft.Network/virtualNetworks/vnet/subnets/GatewaySubnet\"}}",
            "parameters_content": "{\"network_security_group_id\":{\"value\":\"\"},\"route_table_id\":{\"value\":\"\"},\"subnet_address_prefix\":{\"value\":\"10.0.0.0/24\"},\"subnet_name\":{\"value\":\"GatewaySubnet\"},\"vnet_name\":{\"value\":\"vnet\"}}",
            "resource_group_name": "dtf-virtual-network-gateway-test",
            "tags": {},
            "template_content": "{\"$schema\":\"http://schema.management.azure.com/schemas/2015-01-01/deploymentTemplate.json#\",\"contentVersion\":\"1.0.0.0\",\"outputs\":{\"subnet_id\":{\"type\":\"String\",\"value\":\"[resourceId('Microsoft.Network/virtualNetworks/subnets', parameters('vnet_name'), parameters('subnet_name'))]\"}},\"parameters\":{\"network_security_group_id\":{\"type\":\"String\"},\"route_table_id\":{\"type\":\"String\"},\"subnet_address_prefix\":{\"type\":\"String\"},\"subnet_name\":{\"type\":\"String\"},\"vnet_name\":{\"type\":\"String\"}},\"resources\":[{\"apiVersion\":\"2022-11-01\",\"name\":\"[concat(parameters('vnet_name'), '/', parameters('subnet_name'))]\",\"properties\":{\"addressPrefix\":\"[parameters('subnet_address_prefix')]\",\"networkSecurityGroup\":\"[if(equals(parameters('network_security_group_id'),''), json('null'), json(concat('{\\\"id\\\": \\\"', parameters('network_security_group_id'), '\\\"}')))]\",\"routeTable\":\"[if(equals(parameters('route_table_id'),''), json('null'), json(concat('{\\\"id\\\": \\\"', parameters('route_table_id'), '\\\"}')))]\"},\"type\":\"Microsoft.Network/virtualNetworks/subnets\"}]}",
            "template_spec_version_id": "",
            "timeouts": null
          },
          "sensitive_attributes": [],
          "private": "eyJlMmJmYjczMC1lY2FhLTExZTYtOGY4OC0zNDM2M2JjN2M0YzAiOnsiY3JlYXRlIjoxMDgwMDAwMDAwMDAwMCwiZGVsZXRlIjoxMDgwMDAwMDAwMDAwMCwicmVhZCI6MzAwMDAwMDAwMDAwLCJ1cGRhdGUiOjEwODAwMDAwMDAwMDAwfX0=",
          "dependencies": [
            "azurerm_resource_group.test_rg",
            "module.vnet.azurerm_virtual_network.vnet"
          ]
        }
      ]
    },
    {
      "module": "module.vnet",
      "mode": "managed",
      "type": "azurerm_virtual_network",
      "name": "vnet",
      "provider": "provider[\"registry.terraform.io/hashicorp/azurerm\"]",
      "instances": [
        {
          "schema_version": 0,
          "attributes": {
            "address_space": [
              "10.0.0.0/16"
            ],
            "bgp_community": "",
            "ddos_protection_plan": [],
            "dns_servers": [],
            "edge_zone": "",
            "flow_timeout_in_minutes": 0,
            "guid": "dc5b3b9d-cd7b-4de5-844b-2e9860a3bcd5",
            "id": "/subscriptions/d94fe338-52d8-4a44-acd4-4f8301adf2cf/resourceGroups/dtf-virtual-network-gateway-test/providers/Microsoft.Network/virtualNetworks/vnet",
            "location": "westeurope",
            "name": "vnet",
            "resource_group_name": "dtf-virtual-network-gateway-test",
            "subnet": [
              {
                "address_prefix": "10.0.0.0/24",
                "id": "/subscriptions/d94fe338-52d8-4a44-acd4-4f8301adf2cf/resourceGroups/dtf-virtual-network-gateway-test/providers/Microsoft.Network/virtualNetworks/vnet/subnets/GatewaySubnet",
                "name": "GatewaySubnet",
                "security_group": ""
              }
            ],
            "tags": {
              "CreationDateTime": "2023-07-30T11:11:50.5490249Z",
              "Environment": "Dev"
            },
            "timeouts": null
          },
          "sensitive_attributes": [],
          "private": "eyJlMmJmYjczMC1lY2FhLTExZTYtOGY4OC0zNDM2M2JjN2M0YzAiOnsiY3JlYXRlIjoxODAwMDAwMDAwMDAwLCJkZWxldGUiOjE4MDAwMDAwMDAwMDAsInJlYWQiOjMwMDAwMDAwMDAwMCwidXBkYXRlIjoxODAwMDAwMDAwMDAwfX0=",
          "dependencies": [
            "azurerm_resource_group.test_rg"
          ]
        }
      ]
    }
  ],
  "check_results": null
}
